lockfileVersion: '9.0'

settings:
  autoInstallPeers: true
  excludeLinksFromLockfile: false

importers:

  .:
    dependencies:
      chart.js:
        specifier: ^4.4.7
        version: 4.4.7
      chartjs-plugin-zoom:
        specifier: ^2.2.0
        version: 2.2.0(chart.js@4.4.7)
      date-picker-svelte:
        specifier: ^2.15.1
        version: 2.15.1(svelte@5.9.0)
      svelte:
        specifier: ^5.9.0
        version: 5.9.0
      xlsx:
        specifier: ^0.18.5
        version: 0.18.5
    devDependencies:
      '@rsbuild/core':
        specifier: ^1.1.9
        version: 1.1.9
      '@rsbuild/plugin-svelte':
        specifier: ^1.0.5
        version: 1.0.5(@rsbuild/core@1.1.9)(postcss-load-config@4.0.2(postcss@8.4.49))(postcss@8.4.49)(svelte@5.9.0)(typescript@5.7.2)
      '@tailwindcss/postcss':
        specifier: 4.0.0-beta.7
        version: 4.0.0-beta.7
      prettier:
        specifier: ^3.4.2
        version: 3.4.2
      prettier-plugin-svelte:
        specifier: ^3.3.2
        version: 3.3.2(prettier@3.4.2)(svelte@5.9.0)
      prettier-plugin-tailwindcss:
        specifier: ^0.6.9
        version: 0.6.9(prettier-plugin-svelte@3.3.2(prettier@3.4.2)(svelte@5.9.0))(prettier@3.4.2)
      svelte-check:
        specifier: ^4.1.1
        version: 4.1.1(svelte@5.9.0)(typescript@5.7.2)
      tailwindcss:
        specifier: 4.0.0-beta.6
        version: 4.0.0-beta.6
      typescript:
        specifier: ^5.7.2
        version: 5.7.2

packages:

  '@alloc/quick-lru@5.2.0':
    resolution: {integrity: sha512-UrcABB+4bUrFABwbluTIBErXwvbsU/V7TZWfmbgJfbkwiBuziS9gxdODUyuiecfdGQ85jglMW6juS3+z5TsKLw==}
    engines: {node: '>=10'}

  '@ampproject/remapping@2.3.0':
    resolution: {integrity: sha512-30iZtAPgz+LTIYoeivqYo853f02jBYSd5uGnGpkFV0M3xOt9aN73erkgYAmZU43x4VfqcnLxW9Kpg3R5LC4YYw==}
    engines: {node: '>=6.0.0'}

  '@jridgewell/gen-mapping@0.3.5':
    resolution: {integrity: sha512-IzL8ZoEDIBRWEzlCcRhOaCupYyN5gdIK+Q6fbFdPDg6HqX6jpkItn7DFIpW9LQzXG6Df9sA7+OKnq0qlz/GaQg==}
    engines: {node: '>=6.0.0'}

  '@jridgewell/resolve-uri@3.1.2':
    resolution: {integrity: sha512-bRISgCIjP20/tbWSPWMEi54QVPRZExkuD9lJL+UIxUKtwVJA8wW1Trb1jMs1RFXo1CBTNZ/5hpC9QvmKWdopKw==}
    engines: {node: '>=6.0.0'}

  '@jridgewell/set-array@1.2.1':
    resolution: {integrity: sha512-R8gLRTZeyp03ymzP/6Lil/28tGeGEzhx1q2k703KGWRAI1VdvPIXdG70VJc2pAMw3NA6JKL5hhFu1sJX0Mnn/A==}
    engines: {node: '>=6.0.0'}

  '@jridgewell/sourcemap-codec@1.5.0':
    resolution: {integrity: sha512-gv3ZRaISU3fjPAgNsriBRqGWQL6quFx04YMPW/zD8XMLsU32mhCCbfbO6KZFLjvYpCZ8zyDEgqsgf+PwPaM7GQ==}

  '@jridgewell/trace-mapping@0.3.25':
    resolution: {integrity: sha512-vNk6aEwybGtawWmy/PzwnGDOjCkLWSD2wqvjGGAgOAwCGWySYXfYoxt00IJkTF+8Lb57DwOb3Aa0o9CApepiYQ==}

  '@kurkle/color@0.3.4':
    resolution: {integrity: sha512-M5UknZPHRu3DEDWoipU6sE8PdkZ6Z/S+v4dD+Ke8IaNlpdSQah50lz1KtcFBa2vsdOnwbbnxJwVM4wty6udA5w==}

  '@module-federation/runtime-tools@0.5.1':
    resolution: {integrity: sha512-nfBedkoZ3/SWyO0hnmaxuz0R0iGPSikHZOAZ0N/dVSQaIzlffUo35B5nlC2wgWIc0JdMZfkwkjZRrnuuDIJbzg==}

  '@module-federation/runtime@0.5.1':
    resolution: {integrity: sha512-xgiMUWwGLWDrvZc9JibuEbXIbhXg6z2oUkemogSvQ4LKvrl/n0kbqP1Blk669mXzyWbqtSp6PpvNdwaE1aN5xQ==}

  '@module-federation/sdk@0.5.1':
    resolution: {integrity: sha512-exvchtjNURJJkpqjQ3/opdbfeT2wPKvrbnGnyRkrwW5o3FH1LaST1tkiNviT6OXTexGaVc2DahbdniQHVtQ7pA==}

  '@module-federation/webpack-bundler-runtime@0.5.1':
    resolution: {integrity: sha512-mMhRFH0k2VjwHt3Jol9JkUsmI/4XlrAoBG3E0o7HoyoPYv1UFOWyqAflfANcUPgbYpvqmyLzDcO+3IT36LXnrA==}

  '@rsbuild/core@1.1.9':
    resolution: {integrity: sha512-mHZveEwlTtW9nxWa+T0xUm6ssm+HkDYZ0NENLfWMUmsL0LjMJrpQzRlbD+p5+9Uf+KXUo3Dbtv0ScA+p7cuGTg==}
    engines: {node: '>=16.7.0'}
    hasBin: true

  '@rsbuild/plugin-svelte@1.0.5':
    resolution: {integrity: sha512-7J5wvV+8LUn2AcppgPu+OKu3J2Qylj86jRItpRMMIpLI4YBYS6gM9DWOpti4ynr7peWdHrU05s6kE7F/EBKjMw==}
    peerDependencies:
      '@rsbuild/core': 1.x

  '@rspack/binding-darwin-arm64@1.1.5':
    resolution: {integrity: sha512-eEynmyPPl+OGYQ9LRFwiQosyRfcca3OQB73akqY4mqDRl39OyiBjq7347DLHJysgbm9z+B1bsiLuh2xc6mdclQ==}
    cpu: [arm64]
    os: [darwin]

  '@rspack/binding-darwin-x64@1.1.5':
    resolution: {integrity: sha512-I6HPRgogewU5v1OKe3noEzq2U1FCEYAbW+smy+lPvpTW+3X6PlVMzTT4oelhB0EXDQ+KxjXH9KpOKON1hg/JGg==}
    cpu: [x64]
    os: [darwin]

  '@rspack/binding-linux-arm64-gnu@1.1.5':
    resolution: {integrity: sha512-LQnqucNa6Dr6y3By+/M2ARO4jDR3AM+PuCsHgzlYT0RDRLS+Ow3f50WbNBf7eI/DhrEA0aucYL3sz1ljguB3EA==}
    cpu: [arm64]
    os: [linux]

  '@rspack/binding-linux-arm64-musl@1.1.5':
    resolution: {integrity: sha512-b9L/9HJxrWY4cezPWqgj28I9Xe2XxwLHu8x0CMGobwF2XKR0QQVLAst38RW/EusJ8TURdyvNEOuRZlWEIJuYOw==}
    cpu: [arm64]
    os: [linux]

  '@rspack/binding-linux-x64-gnu@1.1.5':
    resolution: {integrity: sha512-0az52ZXTg/ErCGC1v/oFLWByKAiXvng4euv+prwMWF6p1pA7lfLRLzdibDFO4KgC16Zlfcg3hqs7YikLng4x+w==}
    cpu: [x64]
    os: [linux]

  '@rspack/binding-linux-x64-musl@1.1.5':
    resolution: {integrity: sha512-EF/LJTtCTkuti2gJnCyvXHC5Q2L5M4+RXm5kj9Bfu/t0Zmmfe6Jd5QUsifgogioeL0ZsH/Pou5QiiVcOFcqFKQ==}
    cpu: [x64]
    os: [linux]

  '@rspack/binding-win32-arm64-msvc@1.1.5':
    resolution: {integrity: sha512-VEqhK6HwIHby6gtOkxIx66SkqYndiaP1ddZ3X39RLE40TY3KlNgfG/SzbN9J5Qb+8jjq3ogV8n50+wLEGkhiWw==}
    cpu: [arm64]
    os: [win32]

  '@rspack/binding-win32-ia32-msvc@1.1.5':
    resolution: {integrity: sha512-Yi2BwYehc5/sRVgI7zTGYJKjnV8UszAJt/stWdFHaq82chHiuuF/tQd1WcBUq0Iin9ylBMo16mRJAuFkFmJ74Q==}
    cpu: [ia32]
    os: [win32]

  '@rspack/binding-win32-x64-msvc@1.1.5':
    resolution: {integrity: sha512-4UArXYqJO1Ni7TmCw1T11JnrwfpoThDdiQ9k1P1voBWK3bDahPEBOptk9ZPu2+ZuRX8hFrvumRKkLY3oy7fTMw==}
    cpu: [x64]
    os: [win32]

  '@rspack/binding@1.1.5':
    resolution: {integrity: sha512-RsSkgi56Q5XUXut0qweLSE1C4Ogcm7g/ueKoOgsbHAYVKrCs9/dTFlPHWSIAaI7QWh0GWEePR/MM2O2HIu+1rw==}

  '@rspack/core@1.1.5':
    resolution: {integrity: sha512-/FmxDeMuW8fJkhz8fHuCu7OiJHFKW78xclEu7LkEujWl4PqJgdWjUL/6FWIj50spRwj6PRfuc31hFSL4hbNfCA==}
    engines: {node: '>=16.0.0'}
    peerDependencies:
      '@swc/helpers': '>=0.5.1'
    peerDependenciesMeta:
      '@swc/helpers':
        optional: true

  '@rspack/lite-tapable@1.0.1':
    resolution: {integrity: sha512-VynGOEsVw2s8TAlLf/uESfrgfrq2+rcXB1muPJYBWbsm1Oa6r5qVQhjA5ggM6z/coYPrsVMgovl3Ff7Q7OCp1w==}
    engines: {node: '>=16.0.0'}

  '@swc/helpers@0.5.15':
    resolution: {integrity: sha512-JQ5TuMi45Owi4/BIMAJBoSQoOJu12oOk/gADqlcUL9JEdHB8vyjUSsxqeNXnmXHjYKMi2WcYtezGEEhqUI/E2g==}

  '@tailwindcss/node@4.0.0-beta.7':
    resolution: {integrity: sha512-/E44tWLPQEA2K2i0bK38Ou5Kuv3QFaMTDG2SAgedQ19Wm41SEApxoTamaWjjSIyME92+FlYkAcNik/7NQfJjtg==}

  '@tailwindcss/oxide-android-arm64@4.0.0-beta.7':
    resolution: {integrity: sha512-ouIQhcFoqa5G3c0rHooUWMxHepGGy3qMwjKksaBxR9C21/210AyY4o+y6lPGcuyzsKyP2lSkMVvW0kQQTnmbSw==}
    engines: {node: '>= 10'}
    cpu: [arm64]
    os: [android]

  '@tailwindcss/oxide-darwin-arm64@4.0.0-beta.7':
    resolution: {integrity: sha512-oPmKXT29BqKAdyskjDr167xBodMc64FlIaeKYdssBNyVmsYQTXq47Gi2ZFmi8SAD4BIVPaHEW9lHQULAWgq03Q==}
    engines: {node: '>= 10'}
    cpu: [arm64]
    os: [darwin]

  '@tailwindcss/oxide-darwin-x64@4.0.0-beta.7':
    resolution: {integrity: sha512-B7DvSClWx6jgCa+36U3s06qYryHZA7I6a+LwdJh7zbVEkgHKW3VYPWCIFS+OCwA+WMyA53bt1z62KvGBi4V2Gw==}
    engines: {node: '>= 10'}
    cpu: [x64]
    os: [darwin]

  '@tailwindcss/oxide-freebsd-x64@4.0.0-beta.7':
    resolution: {integrity: sha512-YK+QCv+9qv25AJC2pxz7cRNcnMsptOc6ZNzI1NHWabji/NKYPU849cGF/0D4IelEl/GCCMMKORJUETeTRz2tVw==}
    engines: {node: '>= 10'}
    cpu: [x64]
    os: [freebsd]

  '@tailwindcss/oxide-linux-arm-gnueabihf@4.0.0-beta.7':
    resolution: {integrity: sha512-kRI4LgXVatGjkb8V2dBf8+we9//gpo7t0MoF8xXH1CcwbcRZYfC5ts6aEa3TcKreABX7VzgfC1zAZ25RcuN5RQ==}
    engines: {node: '>= 10'}
    cpu: [arm]
    os: [linux]

  '@tailwindcss/oxide-linux-arm64-gnu@4.0.0-beta.7':
    resolution: {integrity: sha512-BolwQTEPw6v29fLpuFMSbt9zDQqlLXNpAetKfKt2CXSkRycyWzCC+23jRL3m1d7Fb/cAVO7vkLhJAapucRAaeg==}
    engines: {node: '>= 10'}
    cpu: [arm64]
    os: [linux]

  '@tailwindcss/oxide-linux-arm64-musl@4.0.0-beta.7':
    resolution: {integrity: sha512-NDygyGRQiP7xZD0WXEHmJO+42UM7uALRj3g1RCVLkeq8rGKs1ZTo9YT90gXMCeI8W7W+NAg5utXYUUBmImsksw==}
    engines: {node: '>= 10'}
    cpu: [arm64]
    os: [linux]

  '@tailwindcss/oxide-linux-x64-gnu@4.0.0-beta.7':
    resolution: {integrity: sha512-3vJn/Qas22eOGZDir2SAAI3QePoZYUUlVDAJFdTCJOmUfvMiAtKHgMUMnbl3EpNceHZSPLiEH3y1rvuqtVyhZg==}
    engines: {node: '>= 10'}
    cpu: [x64]
    os: [linux]

  '@tailwindcss/oxide-linux-x64-musl@4.0.0-beta.7':
    resolution: {integrity: sha512-p0uQUP4aM7KYJaSimrkkFReVmLZ/A/BSFxMNeOTzzV+IqUJCp04eM3BClh2dkKuJBMXCwJ7gzzgdhLuZzDIQLg==}
    engines: {node: '>= 10'}
    cpu: [x64]
    os: [linux]

  '@tailwindcss/oxide-win32-arm64-msvc@4.0.0-beta.7':
    resolution: {integrity: sha512-JD3Gy2KrDa76bZl/qMZa4jIz+HDrwipjrlpYai58aMNBlCbzDVuYvAx5D79OwjHNPU/6yFFPNxJ7R1Ca0UILOw==}
    engines: {node: '>= 10'}
    cpu: [arm64]
    os: [win32]

  '@tailwindcss/oxide-win32-x64-msvc@4.0.0-beta.7':
    resolution: {integrity: sha512-Bd8dzSvsP9BLvSRiJqVa1DyjBy6/Ea46el5loXe5HaJGWivVkdm4FTQed2MF32fMm9QiCaLdK/ahO1teBlLklw==}
    engines: {node: '>= 10'}
    cpu: [x64]
    os: [win32]

  '@tailwindcss/oxide@4.0.0-beta.7':
    resolution: {integrity: sha512-SCBM7NqzW3ytbom7gRC3S1h5WLpGZjMQEu/ryOdB3rmq7vr8hS6foBgcy3u/Vd9frwTL0Y7xs8R+bQOiutOmAw==}
    engines: {node: '>= 10'}

  '@tailwindcss/postcss@4.0.0-beta.7':
    resolution: {integrity: sha512-w7FyhQwymcWMyzyCj8nsNq3ImIurGbwujcEOtQhnX5gf3g8N2bH3EAq5+pk6Y0j4+HK37m1pIJ4lnULRkE66YQ==}

  '@types/estree@1.0.6':
    resolution: {integrity: sha512-AYnb1nQyY49te+VRAVgmzfcgjYS91mY5P0TKUDCLEM+gNnA+3T6rWITXRLYCpahpqSQbN5cE+gHpnPyXjHWxcw==}

  '@types/hammerjs@2.0.46':
    resolution: {integrity: sha512-ynRvcq6wvqexJ9brDMS4BnBLzmr0e14d6ZJTEShTBWKymQiHwlAyGu0ZPEFI2Fh1U53F7tN9ufClWM5KvqkKOw==}

  acorn-typescript@1.4.13:
    resolution: {integrity: sha512-xsc9Xv0xlVfwp2o7sQ+GCQ1PgbkdcpWdTzrwXxO3xDMTAywVS3oXVOcOHuRjAPkS4P9b+yc/qNF15460v+jp4Q==}
    peerDependencies:
      acorn: '>=8.9.0'

  acorn@8.14.0:
    resolution: {integrity: sha512-cl669nCJTZBsL97OF4kUQm5g5hC2uihk0NxY3WENAC0TYdILVkAyHymAntgxGkl7K+t0cXIrH5siy5S4XkFycA==}
    engines: {node: '>=0.4.0'}
    hasBin: true

  adler-32@1.3.1:
    resolution: {integrity: sha512-ynZ4w/nUUv5rrsR8UUGoe1VC9hZj6V5hU9Qw1HlMDJGEJw5S7TfTErWTjMys6M7vr0YWcPqs3qAr4ss0nDfP+A==}
    engines: {node: '>=0.8'}

  aria-query@5.3.2:
    resolution: {integrity: sha512-COROpnaoap1E2F000S62r6A60uHZnmlvomhfyT2DlTcrY1OrBKn2UhH7qn5wTC9zMvD0AY7csdPSNwKP+7WiQw==}
    engines: {node: '>= 0.4'}

  axobject-query@4.1.0:
    resolution: {integrity: sha512-qIj0G9wZbMGNLjLmg1PT6v2mE9AH2zlnADJD/2tC6E00hgmhUOfEB6greHPAfLRSufHqROIUTkw6E+M3lH0PTQ==}
    engines: {node: '>= 0.4'}

  big.js@5.2.2:
    resolution: {integrity: sha512-vyL2OymJxmarO8gxMr0mhChsO9QGwhynfuu4+MHTAW6czfq9humCB7rKpUjDd9YUiDPU4mzpyupFSvOClAwbmQ==}

  caniuse-lite@1.0.30001687:
    resolution: {integrity: sha512-0S/FDhf4ZiqrTUiQ39dKeUjYRjkv7lOZU1Dgif2rIqrTzX/1wV2hfKu9TOm1IHkdSijfLswxTFzl/cvir+SLSQ==}

  cfb@1.2.2:
    resolution: {integrity: sha512-KfdUZsSOw19/ObEWasvBP/Ac4reZvAGauZhs6S/gqNhXhI7cKwvlH7ulj+dOEYnca4bm4SGo8C1bTAQvnTjgQA==}
    engines: {node: '>=0.8'}

  chart.js@4.4.7:
    resolution: {integrity: sha512-pwkcKfdzTMAU/+jNosKhNL2bHtJc/sSmYgVbuGTEDhzkrhmyihmP7vUc/5ZK9WopidMDHNe3Wm7jOd/WhuHWuw==}
    engines: {pnpm: '>=8'}

  chartjs-plugin-zoom@2.2.0:
    resolution: {integrity: sha512-in6kcdiTlP6npIVLMd4zXZ08PDUXC52gZ4FAy5oyjk1zX3gKarXMAof7B9eFiisf9WOC3bh2saHg+J5WtLXZeA==}
    peerDependencies:
      chart.js: '>=3.2.0'

  chokidar@4.0.1:
    resolution: {integrity: sha512-n8enUVCED/KVRQlab1hr3MVpcVMvxtZjmEa956u+4YijlmQED223XMSYj2tLuKvr4jcCTzNNMpQDUer72MMmzA==}
    engines: {node: '>= 14.16.0'}

  codepage@1.15.0:
    resolution: {integrity: sha512-3g6NUTPd/YtuuGrhMnOMRjFc+LJw/bnMp3+0r/Wcz3IXUuCosKRJvMphm5+Q+bvTVGcJJuRvVLuYba+WojaFaA==}
    engines: {node: '>=0.8'}

  core-js@3.39.0:
    resolution: {integrity: sha512-raM0ew0/jJUqkJ0E6e8UDtl+y/7ktFivgWvqw8dNSQeNWoSDLvQ1H/RN3aPXB9tBd4/FhyR4RDPGhsNIMsAn7g==}

  crc-32@1.2.2:
    resolution: {integrity: sha512-ROmzCKrTnOwybPcJApAA6WBWij23HVfGVNKqqrZpuyZOHqK2CwHSvpGuyt/UNNvaIjEd8X5IFGp4Mh+Ie1IHJQ==}
    engines: {node: '>=0.8'}
    hasBin: true

  date-picker-svelte@2.15.1:
    resolution: {integrity: sha512-o0sjLgXDRIxpvaVeps97htbWoplYUXpLSeyfTts88ZOb0NYDO0KJLKIya/Ee3DuKLPjYNY+brp0cOCs0VLsbkw==}
    peerDependencies:
      svelte: ^3.24.0 || ^4.0.0 || ^5.0.0

  detect-libc@1.0.3:
    resolution: {integrity: sha512-pGjwhsmsp4kL2RTz08wcOlGN83otlqHeD/Z5T8GXZB+/YcpQ/dgo+lbU8ZsGxV0HIvqqxo9l7mqYwyYMD9bKDg==}
    engines: {node: '>=0.10'}
    hasBin: true

  emojis-list@3.0.0:
    resolution: {integrity: sha512-/kyM18EfinwXZbno9FyUGeFh87KC8HRQBQGildHZbEuRyWFOmv1U10o9BBp8XVZDVNNuQKyIGIu5ZYAAXJ0V2Q==}
    engines: {node: '>= 4'}

  enhanced-resolve@5.17.1:
    resolution: {integrity: sha512-LMHl3dXhTcfv8gM4kEzIUeTQ+7fpdA0l2tUf34BddXPkz2A5xJ5L/Pchd5BL6rdccM9QGvu0sWZzK1Z1t4wwyg==}
    engines: {node: '>=10.13.0'}

  esm-env@1.2.1:
    resolution: {integrity: sha512-U9JedYYjCnadUlXk7e1Kr+aENQhtUaoaV9+gZm1T8LC/YBAPJx3NSPIAurFOC0U5vrdSevnUJS2/wUVxGwPhng==}

  esrap@1.2.3:
    resolution: {integrity: sha512-ZlQmCCK+n7SGoqo7DnfKaP1sJZa49P01/dXzmjCASSo04p72w8EksT2NMK8CEX8DhKsfJXANioIw8VyHNsBfvQ==}

  fdir@6.4.2:
    resolution: {integrity: sha512-KnhMXsKSPZlAhp7+IjUkRZKPb4fUyccpDrdFXbi4QL1qkmFh9kVY09Yox+n4MaOb3lHZ1Tv829C3oaaXoMYPDQ==}
    peerDependencies:
      picomatch: ^3 || ^4
    peerDependenciesMeta:
      picomatch:
        optional: true

  frac@1.1.2:
    resolution: {integrity: sha512-w/XBfkibaTl3YDqASwfDUqkna4Z2p9cFSr1aHDt0WoMTECnRfBOv2WArlZILlqgWlmdIlALXGpM2AOhEk5W3IA==}
    engines: {node: '>=0.8'}

  graceful-fs@4.2.11:
    resolution: {integrity: sha512-RbJ5/jmFcNNCcDV5o9eTnBLJ/HszWV0P73bc+Ff4nS/rJj+YaS6IGyiOL0VoBYX+l1Wrl3k63h/KrH+nhJ0XvQ==}

  hammerjs@2.0.8:
    resolution: {integrity: sha512-tSQXBXS/MWQOn/RKckawJ61vvsDpCom87JgxiYdGwHdOa0ht0vzUWDlfioofFCRU0L+6NGDt6XzbgoJvZkMeRQ==}
    engines: {node: '>=0.8.0'}

  is-reference@3.0.3:
    resolution: {integrity: sha512-ixkJoqQvAP88E6wLydLGGqCJsrFUnqoH6HnaczB8XmDH1oaWU+xxdptvikTgaEhtZ53Ky6YXiBuUI2WXLMCwjw==}

  jiti@2.4.1:
    resolution: {integrity: sha512-yPBThwecp1wS9DmoA4x4KR2h3QoslacnDR8ypuFM962kI4/456Iy1oHx2RAgh4jfZNdn0bctsdadceiBUgpU1g==}
    hasBin: true

  json5@2.2.3:
    resolution: {integrity: sha512-XmOWe7eyHYH14cLdVPoyg+GOH3rYX++KpzrylJwSW98t3Nk+U8XOl8FWKOgwtzdb8lXGf6zYwDUzeHMWfxasyg==}
    engines: {node: '>=6'}
    hasBin: true

  lightningcss-darwin-arm64@1.28.2:
    resolution: {integrity: sha512-/8cPSqZiusHSS+WQz0W4NuaqFjquys1x+NsdN/XOHb+idGHJSoJ7SoQTVl3DZuAgtPZwFZgRfb/vd1oi8uX6+g==}
    engines: {node: '>= 12.0.0'}
    cpu: [arm64]
    os: [darwin]

  lightningcss-darwin-x64@1.28.2:
    resolution: {integrity: sha512-R7sFrXlgKjvoEG8umpVt/yutjxOL0z8KWf0bfPT3cYMOW4470xu5qSHpFdIOpRWwl3FKNMUdbKtMUjYt0h2j4g==}
    engines: {node: '>= 12.0.0'}
    cpu: [x64]
    os: [darwin]

  lightningcss-freebsd-x64@1.28.2:
    resolution: {integrity: sha512-l2qrCT+x7crAY+lMIxtgvV10R8VurzHAoUZJaVFSlHrN8kRLTvEg9ObojIDIexqWJQvJcVVV3vfzsEynpiuvgA==}
    engines: {node: '>= 12.0.0'}
    cpu: [x64]
    os: [freebsd]

  lightningcss-linux-arm-gnueabihf@1.28.2:
    resolution: {integrity: sha512-DKMzpICBEKnL53X14rF7hFDu8KKALUJtcKdFUCW5YOlGSiwRSgVoRjM97wUm/E0NMPkzrTi/rxfvt7ruNK8meg==}
    engines: {node: '>= 12.0.0'}
    cpu: [arm]
    os: [linux]

  lightningcss-linux-arm64-gnu@1.28.2:
    resolution: {integrity: sha512-nhfjYkfymWZSxdtTNMWyhFk2ImUm0X7NAgJWFwnsYPOfmtWQEapzG/DXZTfEfMjSzERNUNJoQjPAbdqgB+sjiw==}
    engines: {node: '>= 12.0.0'}
    cpu: [arm64]
    os: [linux]

  lightningcss-linux-arm64-musl@1.28.2:
    resolution: {integrity: sha512-1SPG1ZTNnphWvAv8RVOymlZ8BDtAg69Hbo7n4QxARvkFVCJAt0cgjAw1Fox0WEhf4PwnyoOBaVH0Z5YNgzt4dA==}
    engines: {node: '>= 12.0.0'}
    cpu: [arm64]
    os: [linux]

  lightningcss-linux-x64-gnu@1.28.2:
    resolution: {integrity: sha512-ZhQy0FcO//INWUdo/iEdbefntTdpPVQ0XJwwtdbBuMQe+uxqZoytm9M+iqR9O5noWFaxK+nbS2iR/I80Q2Ofpg==}
    engines: {node: '>= 12.0.0'}
    cpu: [x64]
    os: [linux]

  lightningcss-linux-x64-musl@1.28.2:
    resolution: {integrity: sha512-alb/j1NMrgQmSFyzTbN1/pvMPM+gdDw7YBuQ5VSgcFDypN3Ah0BzC2dTZbzwzaMdUVDszX6zH5MzjfVN1oGuww==}
    engines: {node: '>= 12.0.0'}
    cpu: [x64]
    os: [linux]

  lightningcss-win32-arm64-msvc@1.28.2:
    resolution: {integrity: sha512-WnwcjcBeAt0jGdjlgbT9ANf30pF0C/QMb1XnLnH272DQU8QXh+kmpi24R55wmWBwaTtNAETZ+m35ohyeMiNt+g==}
    engines: {node: '>= 12.0.0'}
    cpu: [arm64]
    os: [win32]

  lightningcss-win32-x64-msvc@1.28.2:
    resolution: {integrity: sha512-3piBifyT3avz22o6mDKywQC/OisH2yDK+caHWkiMsF82i3m5wDBadyCjlCQ5VNgzYkxrWZgiaxHDdd5uxsi0/A==}
    engines: {node: '>= 12.0.0'}
    cpu: [x64]
    os: [win32]

  lightningcss@1.28.2:
    resolution: {integrity: sha512-ePLRrbt3fgjXI5VFZOLbvkLD5ZRuxGKm+wJ3ujCqBtL3NanDHPo/5zicR5uEKAPiIjBYF99BM4K4okvMznjkVA==}
    engines: {node: '>= 12.0.0'}

  lilconfig@3.1.3:
    resolution: {integrity: sha512-/vlFKAoH5Cgt3Ie+JLhRbwOsCQePABiU3tJ1egGvyQ+33R/vcwM2Zl2QR/LzjsBeItPt3oSVXapn+m4nQDvpzw==}
    engines: {node: '>=14'}

  loader-utils@2.0.4:
    resolution: {integrity: sha512-xXqpXoINfFhgua9xiqD8fPFHgkoq1mmmpE92WlDbm9rNRd/EbRb+Gqf908T2DMfuHjjJlksiK2RbHVOdD/MqSw==}
    engines: {node: '>=8.9.0'}

  locate-character@3.0.0:
    resolution: {integrity: sha512-SW13ws7BjaeJ6p7Q6CO2nchbYEc3X3J6WrmTTDto7yMPqVSZTUyY5Tjbid+Ab8gLnATtygYtiDIJGQRRn2ZOiA==}

  magic-string@0.30.14:
    resolution: {integrity: sha512-5c99P1WKTed11ZC0HMJOj6CDIue6F8ySu+bJL+85q1zBEIY8IklrJ1eiKC2NDRh3Ct3FcvmJPyQHb9erXMTJNw==}

  mri@1.2.0:
    resolution: {integrity: sha512-tzzskb3bG8LvYGFF/mDTpq3jpI6Q9wc3LEmBaghu+DdCssd1FakN7Bc0hVNmEyGq1bq3RgfkCb3cmQLpNPOroA==}
    engines: {node: '>=4'}

  nanoid@3.3.8:
    resolution: {integrity: sha512-WNLf5Sd8oZxOm+TzppcYk8gVOgP+l58xNy58D0nbUnOxOWRWvlcCV4kUF7ltmI6PsrLl/BgKEyS4mqsGChFN0w==}
    engines: {node: ^10 || ^12 || ^13.7 || ^14 || >=15.0.1}
    hasBin: true

  picocolors@1.1.1:
    resolution: {integrity: sha512-xceH2snhtb5M9liqDsmEw56le376mTZkEX/jEb/RxNFyegNul7eNslCXP9FDj/Lcu0X8KEyMceP2ntpaHrDEVA==}

  postcss-load-config@4.0.2:
    resolution: {integrity: sha512-bSVhyJGL00wMVoPUzAVAnbEoWyqRxkjv64tUl427SKnPrENtq6hJwUojroMz2VB+Q1edmi4IfrAPpami5VVgMQ==}
    engines: {node: '>= 14'}
    peerDependencies:
      postcss: '>=8.0.9'
      ts-node: '>=9.0.0'
    peerDependenciesMeta:
      postcss:
        optional: true
      ts-node:
        optional: true

  postcss@8.4.49:
    resolution: {integrity: sha512-OCVPnIObs4N29kxTjzLfUryOkvZEq+pf8jTF0lg8E7uETuWHA+v7j3c/xJmiqpX450191LlmZfUKkXxkTry7nA==}
    engines: {node: ^10 || ^12 || >=14}

  prettier-plugin-svelte@3.3.2:
    resolution: {integrity: sha512-kRPjH8wSj2iu+dO+XaUv4vD8qr5mdDmlak3IT/7AOgGIMRG86z/EHOLauFcClKEnOUf4A4nOA7sre5KrJD4Raw==}
    peerDependencies:
      prettier: ^3.0.0
      svelte: ^3.2.0 || ^4.0.0-next.0 || ^5.0.0-next.0

  prettier-plugin-tailwindcss@0.6.9:
    resolution: {integrity: sha512-r0i3uhaZAXYP0At5xGfJH876W3HHGHDp+LCRUJrs57PBeQ6mYHMwr25KH8NPX44F2yGTvdnH7OqCshlQx183Eg==}
    engines: {node: '>=14.21.3'}
    peerDependencies:
      '@ianvs/prettier-plugin-sort-imports': '*'
      '@prettier/plugin-pug': '*'
      '@shopify/prettier-plugin-liquid': '*'
      '@trivago/prettier-plugin-sort-imports': '*'
      '@zackad/prettier-plugin-twig-melody': '*'
      prettier: ^3.0
      prettier-plugin-astro: '*'
      prettier-plugin-css-order: '*'
      prettier-plugin-import-sort: '*'
      prettier-plugin-jsdoc: '*'
      prettier-plugin-marko: '*'
      prettier-plugin-multiline-arrays: '*'
      prettier-plugin-organize-attributes: '*'
      prettier-plugin-organize-imports: '*'
      prettier-plugin-sort-imports: '*'
      prettier-plugin-style-order: '*'
      prettier-plugin-svelte: '*'
    peerDependenciesMeta:
      '@ianvs/prettier-plugin-sort-imports':
        optional: true
      '@prettier/plugin-pug':
        optional: true
      '@shopify/prettier-plugin-liquid':
        optional: true
      '@trivago/prettier-plugin-sort-imports':
        optional: true
      '@zackad/prettier-plugin-twig-melody':
        optional: true
      prettier-plugin-astro:
        optional: true
      prettier-plugin-css-order:
        optional: true
      prettier-plugin-import-sort:
        optional: true
      prettier-plugin-jsdoc:
        optional: true
      prettier-plugin-marko:
        optional: true
      prettier-plugin-multiline-arrays:
        optional: true
      prettier-plugin-organize-attributes:
        optional: true
      prettier-plugin-organize-imports:
        optional: true
      prettier-plugin-sort-imports:
        optional: true
      prettier-plugin-style-order:
        optional: true
      prettier-plugin-svelte:
        optional: true

  prettier@3.4.2:
    resolution: {integrity: sha512-e9MewbtFo+Fevyuxn/4rrcDAaq0IYxPGLvObpQjiZBMAzB9IGmzlnG9RZy3FFas+eBMu2vA0CszMeduow5dIuQ==}
    engines: {node: '>=14'}
    hasBin: true

  readdirp@4.0.2:
    resolution: {integrity: sha512-yDMz9g+VaZkqBYS/ozoBJwaBhTbZo3UNYQHNRw1D3UFQB8oHB4uS/tAODO+ZLjGWmUbKnIlOWO+aaIiAxrUWHA==}
    engines: {node: '>= 14.16.0'}

  sade@1.8.1:
    resolution: {integrity: sha512-xal3CZX1Xlo/k4ApwCFrHVACi9fBqJ7V+mwhBsuf/1IOKbBy098Fex+Wa/5QMubw09pSZ/u8EY8PWgevJsXp1A==}
    engines: {node: '>=6'}

  source-map-js@1.2.1:
    resolution: {integrity: sha512-UXWMKhLOwVKb728IUtQPXxfYU+usdybtUrK/8uGE8CQMvrhOpwvzDBwj0QhSL7MQc7vIsISBG8VQ8+IDQxpfQA==}
    engines: {node: '>=0.10.0'}

  ssf@0.11.2:
    resolution: {integrity: sha512-+idbmIXoYET47hH+d7dfm2epdOMUDjqcB4648sTZ+t2JwoyBFL/insLfB/racrDmsKB3diwsDA696pZMieAC5g==}
    engines: {node: '>=0.8'}

  svelte-check@4.1.1:
    resolution: {integrity: sha512-NfaX+6Qtc8W/CyVGS/F7/XdiSSyXz+WGYA9ZWV3z8tso14V2vzjfXviKaTFEzB7g8TqfgO2FOzP6XT4ApSTUTw==}
    engines: {node: '>= 18.0.0'}
    hasBin: true
    peerDependencies:
      svelte: ^4.0.0 || ^5.0.0-next.0
      typescript: '>=5.0.0'

  svelte-dev-helper@1.1.9:
    resolution: {integrity: sha512-oU+Xv7Dl4kRU2kdFjsoPLfJfnt5hUhsFUZtuzI3Ku/f2iAFZqBoEuXOqK3N9ngD4dxQOmN4OKWPHVi3NeAeAfQ==}

  svelte-hmr@0.14.12:
    resolution: {integrity: sha512-4QSW/VvXuqVcFZ+RhxiR8/newmwOCTlbYIezvkeN6302YFRE8cXy0naamHcjz8Y9Ce3ITTZtrHrIL0AGfyo61w==}
    engines: {node: ^12.20 || ^14.13.1 || >= 16}
    peerDependencies:
      svelte: '>=3.19.0'

  svelte-loader@3.2.4:
    resolution: {integrity: sha512-e0HdDnkYH/MDx4/IfTSka5AOFg9yYJcPuoZJB5x0l60fkHjVjNvrrxr+rJegDG9J7ZymmdHt00/hdLw+QF299w==}
    peerDependencies:
      svelte: ^3.0.0 || ^4.0.0-next.0 || ^5.0.0-next.1

  svelte-preprocess@6.0.3:
    resolution: {integrity: sha512-PLG2k05qHdhmRG7zR/dyo5qKvakhm8IJ+hD2eFRQmMLHp7X3eJnjeupUtvuRpbNiF31RjVw45W+abDwHEmP5OA==}
    engines: {node: '>= 18.0.0'}
    peerDependencies:
      '@babel/core': ^7.10.2
      coffeescript: ^2.5.1
      less: ^3.11.3 || ^4.0.0
      postcss: ^7 || ^8
      postcss-load-config: '>=3'
      pug: ^3.0.0
      sass: ^1.26.8
      stylus: '>=0.55'
      sugarss: ^2.0.0 || ^3.0.0 || ^4.0.0
      svelte: ^4.0.0 || ^5.0.0-next.100 || ^5.0.0
      typescript: ^5.0.0
    peerDependenciesMeta:
      '@babel/core':
        optional: true
      coffeescript:
        optional: true
      less:
        optional: true
      postcss:
        optional: true
      postcss-load-config:
        optional: true
      pug:
        optional: true
      sass:
        optional: true
      stylus:
        optional: true
      sugarss:
        optional: true
      typescript:
        optional: true

  svelte@5.9.0:
    resolution: {integrity: sha512-ZcC3BtjIDa4yfhAyAr94MxDQLD97zbpXmaUldFv2F5AkdZwYgQYB3BZVNRU5zEVaeeHoAns8ADiRMnre3QmpxQ==}
    engines: {node: '>=18'}

  tailwindcss@4.0.0-beta.6:
    resolution: {integrity: sha512-eCCuMk3H65w4J/QWkjxfeWoBSKbCD3E6Uj2LA6Xkkl4eMa1MXuwVpIU1RXcLIp+BVsXGEZMP7i7uJig7KxfAXQ==}

  tailwindcss@4.0.0-beta.7:
    resolution: {integrity: sha512-9JXrCC5UVt2bjV9lrjO+B7MPY+bgpWCf5sPbu+Ih5rGvGE6STwA94N6Ah1xMa0Avzp48fB/S1l0vByTp2HEzAw==}

  tapable@2.2.1:
    resolution: {integrity: sha512-GNzQvQTOIP6RyTfE2Qxb8ZVlNmw0n88vp1szwWRimP02mnTsx3Wtn5qRdqY9w2XduFNUgvOwhNnQsjwCp+kqaQ==}
    engines: {node: '>=6'}

  tslib@2.8.1:
    resolution: {integrity: sha512-oJFu94HQb+KVduSUQL7wnpmqnfmLsOA/nAh6b6EH0wCEoK0/mPeXU6c3wKDV83MkOuHPRHtSXKKU99IBazS/2w==}

  typescript@5.7.2:
    resolution: {integrity: sha512-i5t66RHxDvVN40HfDd1PsEThGNnlMCMT3jMUuoh9/0TaqWevNontacunWyN02LA9/fIbEWlcHZcgTKb9QoaLfg==}
    engines: {node: '>=14.17'}
    hasBin: true

  wmf@1.0.2:
    resolution: {integrity: sha512-/p9K7bEh0Dj6WbXg4JG0xvLQmIadrner1bi45VMJTfnbVHsc7yIajZyoSoK60/dtVBs12Fm6WkUI5/3WAVsNMw==}
    engines: {node: '>=0.8'}

  word@0.3.0:
    resolution: {integrity: sha512-OELeY0Q61OXpdUfTp+oweA/vtLVg5VDOXh+3he3PNzLGG/y0oylSOC1xRVj0+l4vQ3tj/bB1HVHv1ocXkQceFA==}
    engines: {node: '>=0.8'}

  xlsx@0.18.5:
    resolution: {integrity: sha512-dmg3LCjBPHZnQp5/F/+nnTa+miPJxUXB6vtk42YjBBKayDNagxGEeIdWApkYPOf3Z3pm3k62Knjzp7lMeTEtFQ==}
    engines: {node: '>=0.8'}
    hasBin: true

  yaml@2.6.1:
    resolution: {integrity: sha512-7r0XPzioN/Q9kXBro/XPnA6kznR73DHq+GXh5ON7ZozRO6aMjbmiBuKste2wslTFkC5d1dw0GooOCepZXJ2SAg==}
    engines: {node: '>= 14'}
    hasBin: true

  zimmerframe@1.1.2:
    resolution: {integrity: sha512-rAbqEGa8ovJy4pyBxZM70hg4pE6gDgaQ0Sl9M3enG3I0d6H4XSAM3GeNGLKnsBpuijUow064sf7ww1nutC5/3w==}

snapshots:

  '@alloc/quick-lru@5.2.0': {}

  '@ampproject/remapping@2.3.0':
    dependencies:
      '@jridgewell/gen-mapping': 0.3.5
      '@jridgewell/trace-mapping': 0.3.25

  '@jridgewell/gen-mapping@0.3.5':
    dependencies:
      '@jridgewell/set-array': 1.2.1
      '@jridgewell/sourcemap-codec': 1.5.0
      '@jridgewell/trace-mapping': 0.3.25

  '@jridgewell/resolve-uri@3.1.2': {}

  '@jridgewell/set-array@1.2.1': {}

  '@jridgewell/sourcemap-codec@1.5.0': {}

  '@jridgewell/trace-mapping@0.3.25':
    dependencies:
      '@jridgewell/resolve-uri': 3.1.2
      '@jridgewell/sourcemap-codec': 1.5.0

  '@kurkle/color@0.3.4': {}

  '@module-federation/runtime-tools@0.5.1':
    dependencies:
      '@module-federation/runtime': 0.5.1
      '@module-federation/webpack-bundler-runtime': 0.5.1

  '@module-federation/runtime@0.5.1':
    dependencies:
      '@module-federation/sdk': 0.5.1

  '@module-federation/sdk@0.5.1': {}

  '@module-federation/webpack-bundler-runtime@0.5.1':
    dependencies:
      '@module-federation/runtime': 0.5.1
      '@module-federation/sdk': 0.5.1

  '@rsbuild/core@1.1.9':
    dependencies:
      '@rspack/core': 1.1.5(@swc/helpers@0.5.15)
      '@rspack/lite-tapable': 1.0.1
      '@swc/helpers': 0.5.15
      core-js: 3.39.0

  '@rsbuild/plugin-svelte@1.0.5(@rsbuild/core@1.1.9)(postcss-load-config@4.0.2(postcss@8.4.49))(postcss@8.4.49)(svelte@5.9.0)(typescript@5.7.2)':
    dependencies:
      '@rsbuild/core': 1.1.9
      svelte-loader: 3.2.4(svelte@5.9.0)
      svelte-preprocess: 6.0.3(postcss-load-config@4.0.2(postcss@8.4.49))(postcss@8.4.49)(svelte@5.9.0)(typescript@5.7.2)
    transitivePeerDependencies:
      - '@babel/core'
      - coffeescript
      - less
      - postcss
      - postcss-load-config
      - pug
      - sass
      - stylus
      - sugarss
      - svelte
      - typescript

  '@rspack/binding-darwin-arm64@1.1.5':
    optional: true

  '@rspack/binding-darwin-x64@1.1.5':
    optional: true

  '@rspack/binding-linux-arm64-gnu@1.1.5':
    optional: true

  '@rspack/binding-linux-arm64-musl@1.1.5':
    optional: true

  '@rspack/binding-linux-x64-gnu@1.1.5':
    optional: true

  '@rspack/binding-linux-x64-musl@1.1.5':
    optional: true

  '@rspack/binding-win32-arm64-msvc@1.1.5':
    optional: true

  '@rspack/binding-win32-ia32-msvc@1.1.5':
    optional: true

  '@rspack/binding-win32-x64-msvc@1.1.5':
    optional: true

  '@rspack/binding@1.1.5':
    optionalDependencies:
      '@rspack/binding-darwin-arm64': 1.1.5
      '@rspack/binding-darwin-x64': 1.1.5
      '@rspack/binding-linux-arm64-gnu': 1.1.5
      '@rspack/binding-linux-arm64-musl': 1.1.5
      '@rspack/binding-linux-x64-gnu': 1.1.5
      '@rspack/binding-linux-x64-musl': 1.1.5
      '@rspack/binding-win32-arm64-msvc': 1.1.5
      '@rspack/binding-win32-ia32-msvc': 1.1.5
      '@rspack/binding-win32-x64-msvc': 1.1.5

  '@rspack/core@1.1.5(@swc/helpers@0.5.15)':
    dependencies:
      '@module-federation/runtime-tools': 0.5.1
      '@rspack/binding': 1.1.5
      '@rspack/lite-tapable': 1.0.1
      caniuse-lite: 1.0.30001687
    optionalDependencies:
      '@swc/helpers': 0.5.15

  '@rspack/lite-tapable@1.0.1': {}

  '@swc/helpers@0.5.15':
    dependencies:
      tslib: 2.8.1

  '@tailwindcss/node@4.0.0-beta.7':
    dependencies:
      enhanced-resolve: 5.17.1
      jiti: 2.4.1
      tailwindcss: 4.0.0-beta.7

  '@tailwindcss/oxide-android-arm64@4.0.0-beta.7':
    optional: true

  '@tailwindcss/oxide-darwin-arm64@4.0.0-beta.7':
    optional: true

  '@tailwindcss/oxide-darwin-x64@4.0.0-beta.7':
    optional: true

  '@tailwindcss/oxide-freebsd-x64@4.0.0-beta.7':
    optional: true

  '@tailwindcss/oxide-linux-arm-gnueabihf@4.0.0-beta.7':
    optional: true

  '@tailwindcss/oxide-linux-arm64-gnu@4.0.0-beta.7':
    optional: true

  '@tailwindcss/oxide-linux-arm64-musl@4.0.0-beta.7':
    optional: true

  '@tailwindcss/oxide-linux-x64-gnu@4.0.0-beta.7':
    optional: true

  '@tailwindcss/oxide-linux-x64-musl@4.0.0-beta.7':
    optional: true

  '@tailwindcss/oxide-win32-arm64-msvc@4.0.0-beta.7':
    optional: true

  '@tailwindcss/oxide-win32-x64-msvc@4.0.0-beta.7':
    optional: true

  '@tailwindcss/oxide@4.0.0-beta.7':
    optionalDependencies:
      '@tailwindcss/oxide-android-arm64': 4.0.0-beta.7
      '@tailwindcss/oxide-darwin-arm64': 4.0.0-beta.7
      '@tailwindcss/oxide-darwin-x64': 4.0.0-beta.7
      '@tailwindcss/oxide-freebsd-x64': 4.0.0-beta.7
      '@tailwindcss/oxide-linux-arm-gnueabihf': 4.0.0-beta.7
      '@tailwindcss/oxide-linux-arm64-gnu': 4.0.0-beta.7
      '@tailwindcss/oxide-linux-arm64-musl': 4.0.0-beta.7
      '@tailwindcss/oxide-linux-x64-gnu': 4.0.0-beta.7
      '@tailwindcss/oxide-linux-x64-musl': 4.0.0-beta.7
      '@tailwindcss/oxide-win32-arm64-msvc': 4.0.0-beta.7
      '@tailwindcss/oxide-win32-x64-msvc': 4.0.0-beta.7

  '@tailwindcss/postcss@4.0.0-beta.7':
    dependencies:
      '@alloc/quick-lru': 5.2.0
      '@tailwindcss/node': 4.0.0-beta.7
      '@tailwindcss/oxide': 4.0.0-beta.7
      lightningcss: 1.28.2
      postcss: 8.4.49
      tailwindcss: 4.0.0-beta.7

  '@types/estree@1.0.6': {}

  '@types/hammerjs@2.0.46': {}

  acorn-typescript@1.4.13(acorn@8.14.0):
    dependencies:
      acorn: 8.14.0

  acorn@8.14.0: {}

  adler-32@1.3.1: {}

  aria-query@5.3.2: {}

  axobject-query@4.1.0: {}

  big.js@5.2.2: {}

  caniuse-lite@1.0.30001687: {}

  cfb@1.2.2:
    dependencies:
      adler-32: 1.3.1
      crc-32: 1.2.2

  chart.js@4.4.7:
    dependencies:
      '@kurkle/color': 0.3.4

  chartjs-plugin-zoom@2.2.0(chart.js@4.4.7):
    dependencies:
      '@types/hammerjs': 2.0.46
      chart.js: 4.4.7
      hammerjs: 2.0.8

  chokidar@4.0.1:
    dependencies:
      readdirp: 4.0.2

  codepage@1.15.0: {}

  core-js@3.39.0: {}

  crc-32@1.2.2: {}

  date-picker-svelte@2.15.1(svelte@5.9.0):
    dependencies:
      svelte: 5.9.0

  detect-libc@1.0.3: {}

  emojis-list@3.0.0: {}

  enhanced-resolve@5.17.1:
    dependencies:
      graceful-fs: 4.2.11
      tapable: 2.2.1

  esm-env@1.2.1: {}

  esrap@1.2.3:
    dependencies:
      '@jridgewell/sourcemap-codec': 1.5.0
      '@types/estree': 1.0.6

  fdir@6.4.2: {}

  frac@1.1.2: {}

  graceful-fs@4.2.11: {}

  hammerjs@2.0.8: {}

  is-reference@3.0.3:
    dependencies:
      '@types/estree': 1.0.6

  jiti@2.4.1: {}

  json5@2.2.3: {}

  lightningcss-darwin-arm64@1.28.2:
    optional: true

  lightningcss-darwin-x64@1.28.2:
    optional: true

  lightningcss-freebsd-x64@1.28.2:
    optional: true

  lightningcss-linux-arm-gnueabihf@1.28.2:
    optional: true

  lightningcss-linux-arm64-gnu@1.28.2:
    optional: true

  lightningcss-linux-arm64-musl@1.28.2:
    optional: true

  lightningcss-linux-x64-gnu@1.28.2:
    optional: true

  lightningcss-linux-x64-musl@1.28.2:
    optional: true

  lightningcss-win32-arm64-msvc@1.28.2:
    optional: true

  lightningcss-win32-x64-msvc@1.28.2:
    optional: true

  lightningcss@1.28.2:
    dependencies:
      detect-libc: 1.0.3
    optionalDependencies:
      lightningcss-darwin-arm64: 1.28.2
      lightningcss-darwin-x64: 1.28.2
      lightningcss-freebsd-x64: 1.28.2
      lightningcss-linux-arm-gnueabihf: 1.28.2
      lightningcss-linux-arm64-gnu: 1.28.2
      lightningcss-linux-arm64-musl: 1.28.2
      lightningcss-linux-x64-gnu: 1.28.2
      lightningcss-linux-x64-musl: 1.28.2
      lightningcss-win32-arm64-msvc: 1.28.2
      lightningcss-win32-x64-msvc: 1.28.2

  lilconfig@3.1.3:
    optional: true

  loader-utils@2.0.4:
    dependencies:
      big.js: 5.2.2
      emojis-list: 3.0.0
      json5: 2.2.3

  locate-character@3.0.0: {}

  magic-string@0.30.14:
    dependencies:
      '@jridgewell/sourcemap-codec': 1.5.0

  mri@1.2.0: {}

  nanoid@3.3.8: {}

  picocolors@1.1.1: {}

  postcss-load-config@4.0.2(postcss@8.4.49):
    dependencies:
      lilconfig: 3.1.3
      yaml: 2.6.1
    optionalDependencies:
      postcss: 8.4.49
    optional: true

  postcss@8.4.49:
    dependencies:
      nanoid: 3.3.8
      picocolors: 1.1.1
      source-map-js: 1.2.1

  prettier-plugin-svelte@3.3.2(prettier@3.4.2)(svelte@5.9.0):
    dependencies:
      prettier: 3.4.2
      svelte: 5.9.0

  prettier-plugin-tailwindcss@0.6.9(prettier-plugin-svelte@3.3.2(prettier@3.4.2)(svelte@5.9.0))(prettier@3.4.2):
    dependencies:
      prettier: 3.4.2
    optionalDependencies:
      prettier-plugin-svelte: 3.3.2(prettier@3.4.2)(svelte@5.9.0)

  prettier@3.4.2: {}

  readdirp@4.0.2: {}

  sade@1.8.1:
    dependencies:
      mri: 1.2.0

  source-map-js@1.2.1: {}

  ssf@0.11.2:
    dependencies:
      frac: 1.1.2

  svelte-check@4.1.1(svelte@5.9.0)(typescript@5.7.2):
    dependencies:
      '@jridgewell/trace-mapping': 0.3.25
      chokidar: 4.0.1
      fdir: 6.4.2
      picocolors: 1.1.1
      sade: 1.8.1
      svelte: 5.9.0
      typescript: 5.7.2
    transitivePeerDependencies:
      - picomatch

  svelte-dev-helper@1.1.9: {}

  svelte-hmr@0.14.12(svelte@5.9.0):
    dependencies:
      svelte: 5.9.0

  svelte-loader@3.2.4(svelte@5.9.0):
    dependencies:
      loader-utils: 2.0.4
      svelte: 5.9.0
      svelte-dev-helper: 1.1.9
      svelte-hmr: 0.14.12(svelte@5.9.0)

  svelte-preprocess@6.0.3(postcss-load-config@4.0.2(postcss@8.4.49))(postcss@8.4.49)(svelte@5.9.0)(typescript@5.7.2):
    dependencies:
      svelte: 5.9.0
    optionalDependencies:
      postcss: 8.4.49
      postcss-load-config: 4.0.2(postcss@8.4.49)
      typescript: 5.7.2

  svelte@5.9.0:
    dependencies:
      '@ampproject/remapping': 2.3.0
      '@jridgewell/sourcemap-codec': 1.5.0
      '@types/estree': 1.0.6
      acorn: 8.14.0
      acorn-typescript: 1.4.13(acorn@8.14.0)
      aria-query: 5.3.2
      axobject-query: 4.1.0
      esm-env: 1.2.1
      esrap: 1.2.3
      is-reference: 3.0.3
      locate-character: 3.0.0
      magic-string: 0.30.14
      zimmerframe: 1.1.2

  tailwindcss@4.0.0-beta.6: {}

  tailwindcss@4.0.0-beta.7: {}

  tapable@2.2.1: {}

  tslib@2.8.1: {}

  typescript@5.7.2: {}

  wmf@1.0.2: {}

  word@0.3.0: {}

  xlsx@0.18.5:
    dependencies:
      adler-32: 1.3.1
      cfb: 1.2.2
      codepage: 1.15.0
      crc-32: 1.2.2
      ssf: 0.11.2
      wmf: 1.0.2
      word: 0.3.0

  yaml@2.6.1:
    optional: true

  zimmerframe@1.1.2: {}
